
Microsoft Visual Studio Solution File, Format Version 12.00
# Visual Studio Version 17
VisualStudioVersion = 17.14.36414.22
MinimumVisualStudioVersion = 10.0.40219.1
Project("{FAE04EC0-301F-11D3-BF4B-00C04F79EFBC}") = "CRM_API", "CRM_API\CRM_API.csproj", "{3734299F-9AF1-4470-B64C-9671C4A9D2CC}"
EndProject
Global
	GlobalSection(SolutionConfigurationPlatforms) = preSolution
		Debug|Any CPU = Debug|Any CPU
		Release|Any CPU = Release|Any CPU
	EndGlobalSection
	GlobalSection(ProjectConfigurationPlatforms) = postSolution
		{3734299F-9AF1-4470-B64C-9671C4A9D2CC}.Debug|Any CPU.ActiveCfg = Debug|Any CPU
		{3734299F-9AF1-4470-B64C-9671C4A9D2CC}.Debug|Any CPU.Build.0 = Debug|Any CPU
		{3734299F-9AF1-4470-B64C-9671C4A9D2CC}.Release|Any CPU.ActiveCfg = Release|Any CPU
		{3734299F-9AF1-4470-B64C-9671C4A9D2CC}.Release|Any CPU.Build.0 = Release|Any CPU
	EndGlobalSection
	GlobalSection(SolutionProperties) = preSolution
		HideSolutionNode = FALSE
	EndGlobalSection
	GlobalSection(ExtensibilityGlobals) = postSolution
		SolutionGuid = {2D4C9628-3721-4084-B3E3-C6E41D2B4F13}
	EndGlobalSection
EndGlobal
